
Microsoft Visual Studio Solution File, Format Version 12.00
# Visual Studio Version 17
VisualStudioVersion = 17.0.31903.59
MinimumVisualStudioVersion = 10.0.40219.1
Project("{FAE04EC0-301F-11D3-BF4B-00C04F79EFBC}") = "VisualNotes.App", "src\VisualNotes.App\VisualNotes.App.csproj", "{7AB99D61-623C-41E7-B0F1-FB832F71322F}"
EndProject
Project("{FAE04EC0-301F-11D3-BF4B-00C04F79EFBC}") = "VisualNotes.Core", "src\VisualNotes.Core\VisualNotes.Core.csproj", "{719AD5B9-D99D-47EB-BAFA-57D89A9CE40C}"
EndProject
Project("{FAE04EC0-301F-11D3-BF4B-00C04F79EFBC}") = "VisualNotes.Infrastructure", "src\VisualNotes.Infrastructure\VisualNotes.Infrastructure.csproj", "{3C4848BB-51B5-44B9-B1CB-B166A49201F1}"
EndProject
Project("{FAE04EC0-301F-11D3-BF4B-00C04F79EFBC}") = "VisualNotes.Tests", "tests\VisualNotes.Tests\VisualNotes.Tests.csproj", "{460B05E3-C86C-4169-A376-E841F56FBB84}"
EndProject
Global
	GlobalSection(SolutionConfigurationPlatforms) = preSolution
		Debug|Any CPU = Debug|Any CPU
		Release|Any CPU = Release|Any CPU
	EndGlobalSection
	GlobalSection(ProjectConfigurationPlatforms) = postSolution
		{7AB99D61-623C-41E7-B0F1-FB832F71322F}.Debug|Any CPU.ActiveCfg = Debug|Any CPU
		{7AB99D61-623C-41E7-B0F1-FB832F71322F}.Debug|Any CPU.Build.0 = Debug|Any CPU
		{7AB99D61-623C-41E7-B0F1-FB832F71322F}.Release|Any CPU.ActiveCfg = Release|Any CPU
		{7AB99D61-623C-41E7-B0F1-FB832F71322F}.Release|Any CPU.Build.0 = Release|Any CPU
		{719AD5B9-D99D-47EB-BAFA-57D89A9CE40C}.Debug|Any CPU.ActiveCfg = Debug|Any CPU
		{719AD5B9-D99D-47EB-BAFA-57D89A9CE40C}.Debug|Any CPU.Build.0 = Debug|Any CPU
		{719AD5B9-D99D-47EB-BAFA-57D89A9CE40C}.Release|Any CPU.ActiveCfg = Release|Any CPU
		{719AD5B9-D99D-47EB-BAFA-57D89A9CE40C}.Release|Any CPU.Build.0 = Release|Any CPU
		{3C4848BB-51B5-44B9-B1CB-B166A49201F1}.Debug|Any CPU.ActiveCfg = Debug|Any CPU
		{3C4848BB-51B5-44B9-B1CB-B166A49201F1}.Debug|Any CPU.Build.0 = Debug|Any CPU
		{3C4848BB-51B5-44B9-B1CB-B166A49201F1}.Release|Any CPU.ActiveCfg = Release|Any CPU
		{3C4848BB-51B5-44B9-B1CB-B166A49201F1}.Release|Any CPU.Build.0 = Release|Any CPU
		{460B05E3-C86C-4169-A376-E841F56FBB84}.Debug|Any CPU.ActiveCfg = Debug|Any CPU
		{460B05E3-C86C-4169-A376-E841F56FBB84}.Debug|Any CPU.Build.0 = Debug|Any CPU
		{460B05E3-C86C-4169-A376-E841F56FBB84}.Release|Any CPU.ActiveCfg = Release|Any CPU
		{460B05E3-C86C-4169-A376-E841F56FBB84}.Release|Any CPU.Build.0 = Release|Any CPU
	EndGlobalSection
EndGlobal
