{
  "version": 2,
  "dependencies": {
    "net8.0": {
      "Meziantou.Analyzer": {
        "type": "Direct",
        "requested": "[2.0.180, )",
        "resolved": "2.0.180",
        "contentHash": "ifamKi71rpJPkdL4f2q51Mzujvx4n4fstBLMhE66Ji6kGlDsiCcCQAVp7liZ+oxkenoShxwxJ4vaXSu153V+RQ=="
      },
      "SonarAnalyzer.CSharp": {
        "type": "Direct",
        "requested": "[10.12.0.118525, )",
        "resolved": "10.12.0.118525",
        "contentHash": "uP38bsYegQBk8WOM6LYIAht6hrA7tcJgep/WuifPJjhjtjysPUP/iM/c1+P2+llNIDmm1s8Xh86+WG3K71eycw=="
      }
    }
  }
}